
Microsoft Visual Studio Solution File, Format Version 12.00
# Visual Studio 2012
Project("{FAE04EC0-301F-11D3-BF4B-00C04F79EFBC}") = "JAMSWebRWD", "JamsWebRWD\JAMSWebRWD.csproj", "{7E0CD4E6-6552-4ED1-8DE4-34206F907D26}"
EndProject
Project("{FAE04EC0-301F-11D3-BF4B-00C04F79EFBC}") = "JAMSWebControls", "JamsWebControls\JAMSWebControls.csproj", "{7003D026-98CF-4F52-89A0-A6FAD6AC6CCF}"
EndProject
Global
	GlobalSection(SolutionConfigurationPlatforms) = preSolution
		Debug|Any CPU = Debug|Any CPU
		Release|Any CPU = Release|Any CPU
	EndGlobalSection
	GlobalSection(ProjectConfigurationPlatforms) = postSolution
		{7E0CD4E6-6552-4ED1-8DE4-34206F907D26}.Debug|Any CPU.ActiveCfg = Debug|Any CPU
		{7E0CD4E6-6552-4ED1-8DE4-34206F907D26}.Debug|Any CPU.Build.0 = Debug|Any CPU
		{7E0CD4E6-6552-4ED1-8DE4-34206F907D26}.Release|Any CPU.ActiveCfg = Release|Any CPU
		{7E0CD4E6-6552-4ED1-8DE4-34206F907D26}.Release|Any CPU.Build.0 = Release|Any CPU
		{7003D026-98CF-4F52-89A0-A6FAD6AC6CCF}.Debug|Any CPU.ActiveCfg = Debug|Any CPU
		{7003D026-98CF-4F52-89A0-A6FAD6AC6CCF}.Debug|Any CPU.Build.0 = Debug|Any CPU
		{7003D026-98CF-4F52-89A0-A6FAD6AC6CCF}.Release|Any CPU.ActiveCfg = Release|Any CPU
		{7003D026-98CF-4F52-89A0-A6FAD6AC6CCF}.Release|Any CPU.Build.0 = Release|Any CPU
	EndGlobalSection
	GlobalSection(SolutionProperties) = preSolution
		HideSolutionNode = FALSE
	EndGlobalSection
EndGlobal
